
Microsoft Visual Studio Solution File, Format Version 12.00
# Visual Studio Version 17
VisualStudioVersion = 17.7.34031.279
MinimumVisualStudioVersion = 10.0.40219.1
Project("{FAE04EC0-301F-11D3-BF4B-00C04F79EFBC}") = "Calculadora Simples", "Calculadora Simples\Calculadora Simples.csproj", "{09A324B6-CB7A-49FF-9A8B-34FCE6A30541}"
EndProject
Global
	GlobalSection(SolutionConfigurationPlatforms) = preSolution
		Debug|Any CPU = Debug|Any CPU
		Release|Any CPU = Release|Any CPU
	EndGlobalSection
	GlobalSection(ProjectConfigurationPlatforms) = postSolution
		{09A324B6-CB7A-49FF-9A8B-34FCE6A30541}.Debug|Any CPU.ActiveCfg = Debug|Any CPU
		{09A324B6-CB7A-49FF-9A8B-34FCE6A30541}.Debug|Any CPU.Build.0 = Debug|Any CPU
		{09A324B6-CB7A-49FF-9A8B-34FCE6A30541}.Release|Any CPU.ActiveCfg = Release|Any CPU
		{09A324B6-CB7A-49FF-9A8B-34FCE6A30541}.Release|Any CPU.Build.0 = Release|Any CPU
	EndGlobalSection
	GlobalSection(SolutionProperties) = preSolution
		HideSolutionNode = FALSE
	EndGlobalSection
	GlobalSection(ExtensibilityGlobals) = postSolution
		SolutionGuid = {AA3C24C7-6A9E-4F28-A67F-87991031851E}
	EndGlobalSection
EndGlobal
